
Microsoft Visual Studio Solution File, Format Version 12.00
# Visual Studio Version 17
VisualStudioVersion = 17.9.34728.123
MinimumVisualStudioVersion = 10.0.40219.1
Project("{FAE04EC0-301F-11D3-BF4B-00C04F79EFBC}") = "WedDongHo", "WedDongHo\WedDongHo.csproj", "{5FB68BE5-127F-4A03-A0CA-6490ABEED711}"
EndProject
Global
	GlobalSection(SolutionConfigurationPlatforms) = preSolution
		Debug|Any CPU = Debug|Any CPU
		Release|Any CPU = Release|Any CPU
	EndGlobalSection
	GlobalSection(ProjectConfigurationPlatforms) = postSolution
		{5FB68BE5-127F-4A03-A0CA-6490ABEED711}.Debug|Any CPU.ActiveCfg = Debug|Any CPU
		{5FB68BE5-127F-4A03-A0CA-6490ABEED711}.Debug|Any CPU.Build.0 = Debug|Any CPU
		{5FB68BE5-127F-4A03-A0CA-6490ABEED711}.Release|Any CPU.ActiveCfg = Release|Any CPU
		{5FB68BE5-127F-4A03-A0CA-6490ABEED711}.Release|Any CPU.Build.0 = Release|Any CPU
	EndGlobalSection
	GlobalSection(SolutionProperties) = preSolution
		HideSolutionNode = FALSE
	EndGlobalSection
	GlobalSection(ExtensibilityGlobals) = postSolution
		SolutionGuid = {4B419F9B-BC4F-4F25-900B-53DFA3622F82}
	EndGlobalSection
EndGlobal
